
Microsoft Visual Studio Solution File, Format Version 12.00
# Visual Studio Version 17
VisualStudioVersion = 17.14.36603.0 d17.14
MinimumVisualStudioVersion = 10.0.40219.1
Project("{FAE04EC0-301F-11D3-BF4B-00C04F79EFBC}") = "Proyecto2025_ESD115", "Proyecto2025_ESD115\Proyecto2025_ESD115.csproj", "{784BAA08-68F6-4C3A-946E-31FDA3EC8830}"
EndProject
Global
	GlobalSection(SolutionConfigurationPlatforms) = preSolution
		Debug|Any CPU = Debug|Any CPU
		Release|Any CPU = Release|Any CPU
	EndGlobalSection
	GlobalSection(ProjectConfigurationPlatforms) = postSolution
		{784BAA08-68F6-4C3A-946E-31FDA3EC8830}.Debug|Any CPU.ActiveCfg = Debug|Any CPU
		{784BAA08-68F6-4C3A-946E-31FDA3EC8830}.Debug|Any CPU.Build.0 = Debug|Any CPU
		{784BAA08-68F6-4C3A-946E-31FDA3EC8830}.Release|Any CPU.ActiveCfg = Release|Any CPU
		{784BAA08-68F6-4C3A-946E-31FDA3EC8830}.Release|Any CPU.Build.0 = Release|Any CPU
	EndGlobalSection
	GlobalSection(SolutionProperties) = preSolution
		HideSolutionNode = FALSE
	EndGlobalSection
	GlobalSection(ExtensibilityGlobals) = postSolution
		SolutionGuid = {D7E9377B-8DE9-4C14-8EFF-B776CEF2AC47}
	EndGlobalSection
EndGlobal
